
Microsoft Visual Studio Solution File, Format Version 12.00
# Visual Studio Version 16
VisualStudioVersion = 16.0.30204.135
MinimumVisualStudioVersion = 10.0.40219.1
Project("{9A19103F-16F7-4668-BE54-9A1E7A4F7556}") = "Physics2D", "Physics2D\Physics2D.csproj", "{0D6A5129-0005-4E70-A103-CFF2710DDC72}"
EndProject
Project("{FAE04EC0-301F-11D3-BF4B-00C04F79EFBC}") = "OCREye", "OCREye.csproj", "{82DE90BC-7EF4-4881-86F0-69604390E66E}"
EndProject
Global
	GlobalSection(SolutionConfigurationPlatforms) = preSolution
		Debug|Any CPU = Debug|Any CPU
		Release|Any CPU = Release|Any CPU
	EndGlobalSection
	GlobalSection(ProjectConfigurationPlatforms) = postSolution
		{0D6A5129-0005-4E70-A103-CFF2710DDC72}.Debug|Any CPU.ActiveCfg = Debug|Any CPU
		{0D6A5129-0005-4E70-A103-CFF2710DDC72}.Debug|Any CPU.Build.0 = Debug|Any CPU
		{0D6A5129-0005-4E70-A103-CFF2710DDC72}.Release|Any CPU.ActiveCfg = Release|Any CPU
		{0D6A5129-0005-4E70-A103-CFF2710DDC72}.Release|Any CPU.Build.0 = Release|Any CPU
		{82DE90BC-7EF4-4881-86F0-69604390E66E}.Debug|Any CPU.ActiveCfg = Debug|Any CPU
		{82DE90BC-7EF4-4881-86F0-69604390E66E}.Debug|Any CPU.Build.0 = Debug|Any CPU
		{82DE90BC-7EF4-4881-86F0-69604390E66E}.Release|Any CPU.ActiveCfg = Release|Any CPU
		{82DE90BC-7EF4-4881-86F0-69604390E66E}.Release|Any CPU.Build.0 = Release|Any CPU
	EndGlobalSection
	GlobalSection(SolutionProperties) = preSolution
		HideSolutionNode = FALSE
	EndGlobalSection
	GlobalSection(ExtensibilityGlobals) = postSolution
		SolutionGuid = {525B4DD0-F4D5-4A11-A89B-A038F74AC00C}
	EndGlobalSection
EndGlobal
